
Microsoft Visual Studio Solution File, Format Version 12.00
# Visual Studio Version 17
VisualStudioVersion = 17.4.33110.190
MinimumVisualStudioVersion = 10.0.40219.1
Project("{FAE04EC0-301F-11D3-BF4B-00C04F79EFBC}") = "DocumentTextExtractor", "DocumentTextExtractor\DocumentTextExtractor.csproj", "{30288F78-673C-43EC-9EF7-023F39E0BD12}"
EndProject
Project("{FAE04EC0-301F-11D3-BF4B-00C04F79EFBC}") = "Test", "Test\Test.csproj", "{9BFC29AE-D6FB-4162-9F6D-370785E295C9}"
EndProject
Global
	GlobalSection(SolutionConfigurationPlatforms) = preSolution
		Debug|Any CPU = Debug|Any CPU
		Release|Any CPU = Release|Any CPU
	EndGlobalSection
	GlobalSection(ProjectConfigurationPlatforms) = postSolution
		{30288F78-673C-43EC-9EF7-023F39E0BD12}.Debug|Any CPU.ActiveCfg = Debug|Any CPU
		{30288F78-673C-43EC-9EF7-023F39E0BD12}.Debug|Any CPU.Build.0 = Debug|Any CPU
		{30288F78-673C-43EC-9EF7-023F39E0BD12}.Release|Any CPU.ActiveCfg = Release|Any CPU
		{30288F78-673C-43EC-9EF7-023F39E0BD12}.Release|Any CPU.Build.0 = Release|Any CPU
		{9BFC29AE-D6FB-4162-9F6D-370785E295C9}.Debug|Any CPU.ActiveCfg = Debug|Any CPU
		{9BFC29AE-D6FB-4162-9F6D-370785E295C9}.Debug|Any CPU.Build.0 = Debug|Any CPU
		{9BFC29AE-D6FB-4162-9F6D-370785E295C9}.Release|Any CPU.ActiveCfg = Release|Any CPU
		{9BFC29AE-D6FB-4162-9F6D-370785E295C9}.Release|Any CPU.Build.0 = Release|Any CPU
	EndGlobalSection
	GlobalSection(SolutionProperties) = preSolution
		HideSolutionNode = FALSE
	EndGlobalSection
	GlobalSection(ExtensibilityGlobals) = postSolution
		SolutionGuid = {FBDF0C23-FA8A-4E47-95E5-14C54679547B}
	EndGlobalSection
EndGlobal
